// !$*UTF8*$!
{
	archiveVersion = 1;
	classes = {
	};
	objectVersion = 56;
	objects = {

/* Begin PBXBuildFile section */
		1D29ACFB2A588D3000DD3B7E /* Star_PomodoroApp.swift in Sources */ = {isa = PBXBuildFile; fileRef = 1D29ACFA2A588D3000DD3B7E /* Star_PomodoroApp.swift */; };
		1D29ACFD2A588D3000DD3B7E /* FastPomodoro.swift in Sources */ = {isa = PBXBuildFile; fileRef = 1D29ACFC2A588D3000DD3B7E /* FastPomodoro.swift */; };
		1D29ACFF2A588D3A00DD3B7E /* Assets.xcassets in Resources */ = {isa = PBXBuildFile; fileRef = 1D29ACFE2A588D3A00DD3B7E /* Assets.xcassets */; };
		1D29AD022A588D3A00DD3B7E /* Preview Assets.xcassets in Resources */ = {isa = PBXBuildFile; fileRef = 1D29AD012A588D3A00DD3B7E /* Preview Assets.xcassets */; };
		1D7341A42A5B84400031A5E4 /* OverallScreen.swift in Sources */ = {isa = PBXBuildFile; fileRef = 1D7341A32A5B84400031A5E4 /* OverallScreen.swift */; };
		1D7341AA2A5C47940031A5E4 /* AudioController.swift in Sources */ = {isa = PBXBuildFile; fileRef = 1D7341A92A5C47940031A5E4 /* AudioController.swift */; };
		1D7341AC2A5C4A0B0031A5E4 /* sound-effect-twinklesparkle-115095.wav in Resources */ = {isa = PBXBuildFile; fileRef = 1D7341AB2A5C4A0B0031A5E4 /* sound-effect-twinklesparkle-115095.wav */; };
		1D7341B22A5C57B10031A5E4 /* AudioScreen.swift in Sources */ = {isa = PBXBuildFile; fileRef = 1D7341B12A5C57B10031A5E4 /* AudioScreen.swift */; };
		1D7341B42A5C6B5E0031A5E4 /* Forest.mp3 in Resources */ = {isa = PBXBuildFile; fileRef = 1D7341B32A5C6B5D0031A5E4 /* Forest.mp3 */; };
		1D7341B72A5CDEFC0031A5E4 /* PhrasesScreen.swift in Sources */ = {isa = PBXBuildFile; fileRef = 1D7341B62A5CDEFC0031A5E4 /* PhrasesScreen.swift */; };
		1D7341BA2A5CEF200031A5E4 /* PhrasesModel.swift in Sources */ = {isa = PBXBuildFile; fileRef = 1D7341B92A5CEF200031A5E4 /* PhrasesModel.swift */; };
		1D7341BC2A5D91B30031A5E4 /* Colors+Extension.swift in Sources */ = {isa = PBXBuildFile; fileRef = 1D7341BB2A5D91B30031A5E4 /* Colors+Extension.swift */; };
		1D7341BF2A5DE0AC0031A5E4 /* TagsScreen.swift in Sources */ = {isa = PBXBuildFile; fileRef = 1D7341BE2A5DE0AC0031A5E4 /* TagsScreen.swift */; };
		1D7341C12A5DED9E0031A5E4 /* TagsModel.swift in Sources */ = {isa = PBXBuildFile; fileRef = 1D7341C02A5DED9E0031A5E4 /* TagsModel.swift */; };
		1D9001CE2A58B5F700F5F9A2 /* Notifications.swift in Sources */ = {isa = PBXBuildFile; fileRef = 1D9001CD2A58B5F700F5F9A2 /* Notifications.swift */; };
		1D909E492A59F1CC00F8E5A6 /* HomeScreen.swift in Sources */ = {isa = PBXBuildFile; fileRef = 1D909E482A59F1CC00F8E5A6 /* HomeScreen.swift */; };
		1D909E4D2A59F55300F8E5A6 /* SettingsScreen.swift in Sources */ = {isa = PBXBuildFile; fileRef = 1D909E4C2A59F55300F8E5A6 /* SettingsScreen.swift */; };
		1D909E532A5A039900F8E5A6 /* NotificationScreen.swift in Sources */ = {isa = PBXBuildFile; fileRef = 1D909E522A5A039900F8E5A6 /* NotificationScreen.swift */; };
		1D909E562A5A262300F8E5A6 /* AboutScreen.swift in Sources */ = {isa = PBXBuildFile; fileRef = 1D909E552A5A262300F8E5A6 /* AboutScreen.swift */; };
		1D909E592A5A267100F8E5A6 /* String+Extension.swift in Sources */ = {isa = PBXBuildFile; fileRef = 1D909E582A5A267100F8E5A6 /* String+Extension.swift */; };
		1D96EB3D2A5F03A5002B023E /* SwiftUICharts in Frameworks */ = {isa = PBXBuildFile; productRef = 1D96EB3C2A5F03A5002B023E /* SwiftUICharts */; };
		1D96EB3F2A6069DA002B023E /* TabView.swift in Sources */ = {isa = PBXBuildFile; fileRef = 1D96EB3E2A6069DA002B023E /* TabView.swift */; };
		1D96EB422A61C95A002B023E /* Model.swift in Sources */ = {isa = PBXBuildFile; fileRef = 1D96EB412A61C95A002B023E /* Model.swift */; };
		1D96EB452A61C99A002B023E /* StarPomodoroService.swift in Sources */ = {isa = PBXBuildFile; fileRef = 1D96EB442A61C99A002B023E /* StarPomodoroService.swift */; };
/* End PBXBuildFile section */

/* Begin PBXFileReference section */
		1D29ACF72A588D3000DD3B7E /* Star Pomodoro Watch App.app */ = {isa = PBXFileReference; explicitFileType = wrapper.application; includeInIndex = 0; path = "Star Pomodoro Watch App.app"; sourceTree = BUILT_PRODUCTS_DIR; };
		1D29ACFA2A588D3000DD3B7E /* Star_PomodoroApp.swift */ = {isa = PBXFileReference; lastKnownFileType = sourcecode.swift; path = Star_PomodoroApp.swift; sourceTree = "<group>"; };
		1D29ACFC2A588D3000DD3B7E /* FastPomodoro.swift */ = {isa = PBXFileReference; lastKnownFileType = sourcecode.swift; path = FastPomodoro.swift; sourceTree = "<group>"; };
		1D29ACFE2A588D3A00DD3B7E /* Assets.xcassets */ = {isa = PBXFileReference; lastKnownFileType = folder.assetcatalog; path = Assets.xcassets; sourceTree = "<group>"; };
		1D29AD012A588D3A00DD3B7E /* Preview Assets.xcassets */ = {isa = PBXFileReference; lastKnownFileType = folder.assetcatalog; path = "Preview Assets.xcassets"; sourceTree = "<group>"; };
		1D7341A32A5B84400031A5E4 /* OverallScreen.swift */ = {isa = PBXFileReference; lastKnownFileType = sourcecode.swift; path = OverallScreen.swift; sourceTree = "<group>"; };
		1D7341A92A5C47940031A5E4 /* AudioController.swift */ = {isa = PBXFileReference; lastKnownFileType = sourcecode.swift; path = AudioController.swift; sourceTree = "<group>"; };
		1D7341AB2A5C4A0B0031A5E4 /* sound-effect-twinklesparkle-115095.wav */ = {isa = PBXFileReference; lastKnownFileType = audio.wav; path = "sound-effect-twinklesparkle-115095.wav"; sourceTree = "<group>"; };
		1D7341B12A5C57B10031A5E4 /* AudioScreen.swift */ = {isa = PBXFileReference; lastKnownFileType = sourcecode.swift; path = AudioScreen.swift; sourceTree = "<group>"; };
		1D7341B32A5C6B5D0031A5E4 /* Forest.mp3 */ = {isa = PBXFileReference; lastKnownFileType = audio.mp3; path = Forest.mp3; sourceTree = "<group>"; };
		1D7341B62A5CDEFC0031A5E4 /* PhrasesScreen.swift */ = {isa = PBXFileReference; lastKnownFileType = sourcecode.swift; path = PhrasesScreen.swift; sourceTree = "<group>"; };
		1D7341B92A5CEF200031A5E4 /* PhrasesModel.swift */ = {isa = PBXFileReference; lastKnownFileType = sourcecode.swift; path = PhrasesModel.swift; sourceTree = "<group>"; };
		1D7341BB2A5D91B30031A5E4 /* Colors+Extension.swift */ = {isa = PBXFileReference; lastKnownFileType = sourcecode.swift; path = "Colors+Extension.swift"; sourceTree = "<group>"; };
		1D7341BE2A5DE0AC0031A5E4 /* TagsScreen.swift */ = {isa = PBXFileReference; lastKnownFileType = sourcecode.swift; path = TagsScreen.swift; sourceTree = "<group>"; };
		1D7341C02A5DED9E0031A5E4 /* TagsModel.swift */ = {isa = PBXFileReference; lastKnownFileType = sourcecode.swift; path = TagsModel.swift; sourceTree = "<group>"; };
		1D9001CD2A58B5F700F5F9A2 /* Notifications.swift */ = {isa = PBXFileReference; lastKnownFileType = sourcecode.swift; path = Notifications.swift; sourceTree = "<group>"; };
		1D9001CF2A58B9F900F5F9A2 /* Star Pomodoro Watch App.entitlements */ = {isa = PBXFileReference; lastKnownFileType = text.plist.entitlements; path = "Star Pomodoro Watch App.entitlements"; sourceTree = "<group>"; };
		1D909E482A59F1CC00F8E5A6 /* HomeScreen.swift */ = {isa = PBXFileReference; lastKnownFileType = sourcecode.swift; path = HomeScreen.swift; sourceTree = "<group>"; };
		1D909E4C2A59F55300F8E5A6 /* SettingsScreen.swift */ = {isa = PBXFileReference; lastKnownFileType = sourcecode.swift; path = SettingsScreen.swift; sourceTree = "<group>"; };
		1D909E522A5A039900F8E5A6 /* NotificationScreen.swift */ = {isa = PBXFileReference; lastKnownFileType = sourcecode.swift; path = NotificationScreen.swift; sourceTree = "<group>"; };
		1D909E552A5A262300F8E5A6 /* AboutScreen.swift */ = {isa = PBXFileReference; lastKnownFileType = sourcecode.swift; path = AboutScreen.swift; sourceTree = "<group>"; };
		1D909E582A5A267100F8E5A6 /* String+Extension.swift */ = {isa = PBXFileReference; lastKnownFileType = sourcecode.swift; path = "String+Extension.swift"; sourceTree = "<group>"; };
		1D96EB3E2A6069DA002B023E /* TabView.swift */ = {isa = PBXFileReference; lastKnownFileType = sourcecode.swift; path = TabView.swift; sourceTree = "<group>"; };
		1D96EB412A61C95A002B023E /* Model.swift */ = {isa = PBXFileReference; lastKnownFileType = sourcecode.swift; path = Model.swift; sourceTree = "<group>"; };
		1D96EB442A61C99A002B023E /* StarPomodoroService.swift */ = {isa = PBXFileReference; lastKnownFileType = sourcecode.swift; path = StarPomodoroService.swift; sourceTree = "<group>"; };
/* End PBXFileReference section */

/* Begin PBXFrameworksBuildPhase section */
		1D29ACF42A588D3000DD3B7E /* Frameworks */ = {
			isa = PBXFrameworksBuildPhase;
			buildActionMask = 2147483647;
			files = (
				1D96EB3D2A5F03A5002B023E /* SwiftUICharts in Frameworks */,
			);
			runOnlyForDeploymentPostprocessing = 0;
		};
/* End PBXFrameworksBuildPhase section */

/* Begin PBXGroup section */
		1D29ACEE2A588D2F00DD3B7E = {
			isa = PBXGroup;
			children = (
				1D29ACF92A588D3000DD3B7E /* Star Pomodoro Watch App */,
				1D29ACF82A588D3000DD3B7E /* Products */,
			);
			sourceTree = "<group>";
		};
		1D29ACF82A588D3000DD3B7E /* Products */ = {
			isa = PBXGroup;
			children = (
				1D29ACF72A588D3000DD3B7E /* Star Pomodoro Watch App.app */,
			);
			name = Products;
			sourceTree = "<group>";
		};
		1D29ACF92A588D3000DD3B7E /* Star Pomodoro Watch App */ = {
			isa = PBXGroup;
			children = (
				1D96EB432A61C984002B023E /* StarPomodoroService */,
				1D96EB402A61C946002B023E /* Model */,
				1D7341BD2A5DE0980031A5E4 /* Tags */,
				1D7341A52A5C472F0031A5E4 /* Audios */,
				1D7341A22A5B842E0031A5E4 /* OverAll */,
				1D909E572A5A266500F8E5A6 /* Extension */,
				1D909E512A5A038400F8E5A6 /* NotificationScreen */,
				1D9001CF2A58B9F900F5F9A2 /* Star Pomodoro Watch App.entitlements */,
				1D909E4B2A59F54000F8E5A6 /* Settings */,
				1D9001CC2A58B5D800F5F9A2 /* Notifications */,
				1D909E4A2A59F41F00F8E5A6 /* Home */,
				1D29ACFC2A588D3000DD3B7E /* FastPomodoro.swift */,
				1D29ACFE2A588D3A00DD3B7E /* Assets.xcassets */,
				1D29AD002A588D3A00DD3B7E /* Preview Content */,
				1D96EB3E2A6069DA002B023E /* TabView.swift */,
			);
			path = "Star Pomodoro Watch App";
			sourceTree = "<group>";
		};
		1D29AD002A588D3A00DD3B7E /* Preview Content */ = {
			isa = PBXGroup;
			children = (
				1D29AD012A588D3A00DD3B7E /* Preview Assets.xcassets */,
			);
			path = "Preview Content";
			sourceTree = "<group>";
		};
		1D7341A22A5B842E0031A5E4 /* OverAll */ = {
			isa = PBXGroup;
			children = (
				1D7341A32A5B84400031A5E4 /* OverallScreen.swift */,
			);
			path = OverAll;
			sourceTree = "<group>";
		};
		1D7341A52A5C472F0031A5E4 /* Audios */ = {
			isa = PBXGroup;
			children = (
				1D7341A82A5C477C0031A5E4 /* AudioController */,
				1D7341AB2A5C4A0B0031A5E4 /* sound-effect-twinklesparkle-115095.wav */,
				1D7341B32A5C6B5D0031A5E4 /* Forest.mp3 */,
			);
			path = Audios;
			sourceTree = "<group>";
		};
		1D7341A82A5C477C0031A5E4 /* AudioController */ = {
			isa = PBXGroup;
			children = (
				1D7341A92A5C47940031A5E4 /* AudioController.swift */,
			);
			path = AudioController;
			sourceTree = "<group>";
		};
		1D7341B02A5C57770031A5E4 /* AudioScreen */ = {
			isa = PBXGroup;
			children = (
				1D7341B12A5C57B10031A5E4 /* AudioScreen.swift */,
			);
			path = AudioScreen;
			sourceTree = "<group>";
		};
		1D7341B52A5CDEDB0031A5E4 /* Phrases */ = {
			isa = PBXGroup;
			children = (
				1D7341B82A5CEF070031A5E4 /* PhrasesModel */,
				1D7341B62A5CDEFC0031A5E4 /* PhrasesScreen.swift */,
			);
			path = Phrases;
			sourceTree = "<group>";
		};
		1D7341B82A5CEF070031A5E4 /* PhrasesModel */ = {
			isa = PBXGroup;
			children = (
				1D7341B92A5CEF200031A5E4 /* PhrasesModel.swift */,
			);
			path = PhrasesModel;
			sourceTree = "<group>";
		};
		1D7341BD2A5DE0980031A5E4 /* Tags */ = {
			isa = PBXGroup;
			children = (
				1D7341BE2A5DE0AC0031A5E4 /* TagsScreen.swift */,
				1D7341C02A5DED9E0031A5E4 /* TagsModel.swift */,
			);
			path = Tags;
			sourceTree = "<group>";
		};
		1D9001CC2A58B5D800F5F9A2 /* Notifications */ = {
			isa = PBXGroup;
			children = (
				1D9001CD2A58B5F700F5F9A2 /* Notifications.swift */,
			);
			path = Notifications;
			sourceTree = "<group>";
		};
		1D909E4A2A59F41F00F8E5A6 /* Home */ = {
			isa = PBXGroup;
			children = (
				1D909E482A59F1CC00F8E5A6 /* HomeScreen.swift */,
				1D29ACFA2A588D3000DD3B7E /* Star_PomodoroApp.swift */,
			);
			path = Home;
			sourceTree = "<group>";
		};
		1D909E4B2A59F54000F8E5A6 /* Settings */ = {
			isa = PBXGroup;
			children = (
				1D7341B52A5CDEDB0031A5E4 /* Phrases */,
				1D7341B02A5C57770031A5E4 /* AudioScreen */,
				1D909E542A5A261700F8E5A6 /* About */,
				1D909E4C2A59F55300F8E5A6 /* SettingsScreen.swift */,
			);
			path = Settings;
			sourceTree = "<group>";
		};
		1D909E512A5A038400F8E5A6 /* NotificationScreen */ = {
			isa = PBXGroup;
			children = (
				1D909E522A5A039900F8E5A6 /* NotificationScreen.swift */,
			);
			path = NotificationScreen;
			sourceTree = "<group>";
		};
		1D909E542A5A261700F8E5A6 /* About */ = {
			isa = PBXGroup;
			children = (
				1D909E552A5A262300F8E5A6 /* AboutScreen.swift */,
			);
			path = About;
			sourceTree = "<group>";
		};
		1D909E572A5A266500F8E5A6 /* Extension */ = {
			isa = PBXGroup;
			children = (
				1D909E582A5A267100F8E5A6 /* String+Extension.swift */,
				1D7341BB2A5D91B30031A5E4 /* Colors+Extension.swift */,
			);
			path = Extension;
			sourceTree = "<group>";
		};
		1D96EB402A61C946002B023E /* Model */ = {
			isa = PBXGroup;
			children = (
				1D96EB412A61C95A002B023E /* Model.swift */,
			);
			path = Model;
			sourceTree = "<group>";
		};
		1D96EB432A61C984002B023E /* StarPomodoroService */ = {
			isa = PBXGroup;
			children = (
				1D96EB442A61C99A002B023E /* StarPomodoroService.swift */,
			);
			path = StarPomodoroService;
			sourceTree = "<group>";
		};
/* End PBXGroup section */

/* Begin PBXNativeTarget section */
		1D29ACF62A588D3000DD3B7E /* Star Pomodoro Watch App */ = {
			isa = PBXNativeTarget;
			buildConfigurationList = 1D29AD052A588D3A00DD3B7E /* Build configuration list for PBXNativeTarget "Star Pomodoro Watch App" */;
			buildPhases = (
				1D29ACF32A588D3000DD3B7E /* Sources */,
				1D29ACF42A588D3000DD3B7E /* Frameworks */,
				1D29ACF52A588D3000DD3B7E /* Resources */,
			);
			buildRules = (
			);
			dependencies = (
			);
			name = "Star Pomodoro Watch App";
			packageProductDependencies = (
				1D96EB3C2A5F03A5002B023E /* SwiftUICharts */,
			);
			productName = "Star Pomodoro Watch App";
			productReference = 1D29ACF72A588D3000DD3B7E /* Star Pomodoro Watch App.app */;
			productType = "com.apple.product-type.application";
		};
/* End PBXNativeTarget section */

/* Begin PBXProject section */
		1D29ACEF2A588D2F00DD3B7E /* Project object */ = {
			isa = PBXProject;
			attributes = {
				BuildIndependentTargetsInParallel = 1;
				LastSwiftUpdateCheck = 1420;
				LastUpgradeCheck = 1420;
				TargetAttributes = {
					1D29ACF62A588D3000DD3B7E = {
						CreatedOnToolsVersion = 14.2;
					};
				};
			};
			buildConfigurationList = 1D29ACF22A588D2F00DD3B7E /* Build configuration list for PBXProject "Star Pomodoro" */;
			compatibilityVersion = "Xcode 14.0";
			developmentRegion = en;
			hasScannedForEncodings = 0;
			knownRegions = (
				en,
				Base,
			);
			mainGroup = 1D29ACEE2A588D2F00DD3B7E;
			packageReferences = (
				1D96EB3B2A5F03A5002B023E /* XCRemoteSwiftPackageReference "SwiftUICharts" */,
			);
			productRefGroup = 1D29ACF82A588D3000DD3B7E /* Products */;
			projectDirPath = "";
			projectRoot = "";
			targets = (
				1D29ACF62A588D3000DD3B7E /* Star Pomodoro Watch App */,
			);
		};
/* End PBXProject section */

/* Begin PBXResourcesBuildPhase section */
		1D29ACF52A588D3000DD3B7E /* Resources */ = {
			isa = PBXResourcesBuildPhase;
			buildActionMask = 2147483647;
			files = (
				1D7341AC2A5C4A0B0031A5E4 /* sound-effect-twinklesparkle-115095.wav in Resources */,
				1D29AD022A588D3A00DD3B7E /* Preview Assets.xcassets in Resources */,
				1D7341B42A5C6B5E0031A5E4 /* Forest.mp3 in Resources */,
				1D29ACFF2A588D3A00DD3B7E /* Assets.xcassets in Resources */,
			);
			runOnlyForDeploymentPostprocessing = 0;
		};
/* End PBXResourcesBuildPhase section */

/* Begin PBXSourcesBuildPhase section */
		1D29ACF32A588D3000DD3B7E /* Sources */ = {
			isa = PBXSourcesBuildPhase;
			buildActionMask = 2147483647;
			files = (
				1D7341B72A5CDEFC0031A5E4 /* PhrasesScreen.swift in Sources */,
				1D7341BC2A5D91B30031A5E4 /* Colors+Extension.swift in Sources */,
				1D7341AA2A5C47940031A5E4 /* AudioController.swift in Sources */,
				1D909E592A5A267100F8E5A6 /* String+Extension.swift in Sources */,
				1D909E492A59F1CC00F8E5A6 /* HomeScreen.swift in Sources */,
				1D9001CE2A58B5F700F5F9A2 /* Notifications.swift in Sources */,
				1D29ACFD2A588D3000DD3B7E /* FastPomodoro.swift in Sources */,
				1D7341B22A5C57B10031A5E4 /* AudioScreen.swift in Sources */,
				1D909E4D2A59F55300F8E5A6 /* SettingsScreen.swift in Sources */,
				1D96EB422A61C95A002B023E /* Model.swift in Sources */,
				1D7341BF2A5DE0AC0031A5E4 /* TagsScreen.swift in Sources */,
				1D7341C12A5DED9E0031A5E4 /* TagsModel.swift in Sources */,
				1D96EB3F2A6069DA002B023E /* TabView.swift in Sources */,
				1D96EB452A61C99A002B023E /* StarPomodoroService.swift in Sources */,
				1D909E532A5A039900F8E5A6 /* NotificationScreen.swift in Sources */,
				1D7341BA2A5CEF200031A5E4 /* PhrasesModel.swift in Sources */,
				1D909E562A5A262300F8E5A6 /* AboutScreen.swift in Sources */,
				1D29ACFB2A588D3000DD3B7E /* Star_PomodoroApp.swift in Sources */,
				1D7341A42A5B84400031A5E4 /* OverallScreen.swift in Sources */,
			);
			runOnlyForDeploymentPostprocessing = 0;
		};
/* End PBXSourcesBuildPhase section */

/* Begin XCBuildConfiguration section */
		1D29AD032A588D3A00DD3B7E /* Debug */ = {
			isa = XCBuildConfiguration;
			buildSettings = {
				ALWAYS_SEARCH_USER_PATHS = NO;
				CLANG_ANALYZER_NONNULL = YES;
				CLANG_ANALYZER_NUMBER_OBJECT_CONVERSION = YES_AGGRESSIVE;
				CLANG_CXX_LANGUAGE_STANDARD = "gnu++20";
				CLANG_ENABLE_MODULES = YES;
				CLANG_ENABLE_OBJC_ARC = YES;
				CLANG_ENABLE_OBJC_WEAK = YES;
				CLANG_WARN_BLOCK_CAPTURE_AUTORELEASING = YES;
				CLANG_WARN_BOOL_CONVERSION = YES;
				CLANG_WARN_COMMA = YES;
				CLANG_WARN_CONSTANT_CONVERSION = YES;
				CLANG_WARN_DEPRECATED_OBJC_IMPLEMENTATIONS = YES;
				CLANG_WARN_DIRECT_OBJC_ISA_USAGE = YES_ERROR;
				CLANG_WARN_DOCUMENTATION_COMMENTS = YES;
				CLANG_WARN_EMPTY_BODY = YES;
				CLANG_WARN_ENUM_CONVERSION = YES;
				CLANG_WARN_INFINITE_RECURSION = YES;
				CLANG_WARN_INT_CONVERSION = YES;
				CLANG_WARN_NON_LITERAL_NULL_CONVERSION = YES;
				CLANG_WARN_OBJC_IMPLICIT_RETAIN_SELF = YES;
				CLANG_WARN_OBJC_LITERAL_CONVERSION = YES;
				CLANG_WARN_OBJC_ROOT_CLASS = YES_ERROR;
				CLANG_WARN_QUOTED_INCLUDE_IN_FRAMEWORK_HEADER = YES;
				CLANG_WARN_RANGE_LOOP_ANALYSIS = YES;
				CLANG_WARN_STRICT_PROTOTYPES = YES;
				CLANG_WARN_SUSPICIOUS_MOVE = YES;
				CLANG_WARN_UNGUARDED_AVAILABILITY = YES_AGGRESSIVE;
				CLANG_WARN_UNREACHABLE_CODE = YES;
				CLANG_WARN__DUPLICATE_METHOD_MATCH = YES;
				COPY_PHASE_STRIP = NO;
				DEBUG_INFORMATION_FORMAT = dwarf;
				ENABLE_STRICT_OBJC_MSGSEND = YES;
				ENABLE_TESTABILITY = YES;
				GCC_C_LANGUAGE_STANDARD = gnu11;
				GCC_DYNAMIC_NO_PIC = NO;
				GCC_NO_COMMON_BLOCKS = YES;
				GCC_OPTIMIZATION_LEVEL = 0;
				GCC_PREPROCESSOR_DEFINITIONS = (
					"DEBUG=1",
					"$(inherited)",
				);
				GCC_WARN_64_TO_32_BIT_CONVERSION = YES;
				GCC_WARN_ABOUT_RETURN_TYPE = YES_ERROR;
				GCC_WARN_UNDECLARED_SELECTOR = YES;
				GCC_WARN_UNINITIALIZED_AUTOS = YES_AGGRESSIVE;
				GCC_WARN_UNUSED_FUNCTION = YES;
				GCC_WARN_UNUSED_VARIABLE = YES;
				MTL_ENABLE_DEBUG_INFO = INCLUDE_SOURCE;
				MTL_FAST_MATH = YES;
				ONLY_ACTIVE_ARCH = YES;
				SWIFT_ACTIVE_COMPILATION_CONDITIONS = DEBUG;
				SWIFT_OPTIMIZATION_LEVEL = "-Onone";
				WATCHOS_DEPLOYMENT_TARGET = 7.0;
			};
			name = Debug;
		};
		1D29AD042A588D3A00DD3B7E /* Release */ = {
			isa = XCBuildConfiguration;
			buildSettings = {
				ALWAYS_SEARCH_USER_PATHS = NO;
				CLANG_ANALYZER_NONNULL = YES;
				CLANG_ANALYZER_NUMBER_OBJECT_CONVERSION = YES_AGGRESSIVE;
				CLANG_CXX_LANGUAGE_STANDARD = "gnu++20";
				CLANG_ENABLE_MODULES = YES;
				CLANG_ENABLE_OBJC_ARC = YES;
				CLANG_ENABLE_OBJC_WEAK = YES;
				CLANG_WARN_BLOCK_CAPTURE_AUTORELEASING = YES;
				CLANG_WARN_BOOL_CONVERSION = YES;
				CLANG_WARN_COMMA = YES;
				CLANG_WARN_CONSTANT_CONVERSION = YES;
				CLANG_WARN_DEPRECATED_OBJC_IMPLEMENTATIONS = YES;
				CLANG_WARN_DIRECT_OBJC_ISA_USAGE = YES_ERROR;
				CLANG_WARN_DOCUMENTATION_COMMENTS = YES;
				CLANG_WARN_EMPTY_BODY = YES;
				CLANG_WARN_ENUM_CONVERSION = YES;
				CLANG_WARN_INFINITE_RECURSION = YES;
				CLANG_WARN_INT_CONVERSION = YES;
				CLANG_WARN_NON_LITERAL_NULL_CONVERSION = YES;
				CLANG_WARN_OBJC_IMPLICIT_RETAIN_SELF = YES;
				CLANG_WARN_OBJC_LITERAL_CONVERSION = YES;
				CLANG_WARN_OBJC_ROOT_CLASS = YES_ERROR;
				CLANG_WARN_QUOTED_INCLUDE_IN_FRAMEWORK_HEADER = YES;
				CLANG_WARN_RANGE_LOOP_ANALYSIS = YES;
				CLANG_WARN_STRICT_PROTOTYPES = YES;
				CLANG_WARN_SUSPICIOUS_MOVE = YES;
				CLANG_WARN_UNGUARDED_AVAILABILITY = YES_AGGRESSIVE;
				CLANG_WARN_UNREACHABLE_CODE = YES;
				CLANG_WARN__DUPLICATE_METHOD_MATCH = YES;
				COPY_PHASE_STRIP = NO;
				DEBUG_INFORMATION_FORMAT = "dwarf-with-dsym";
				ENABLE_NS_ASSERTIONS = NO;
				ENABLE_STRICT_OBJC_MSGSEND = YES;
				GCC_C_LANGUAGE_STANDARD = gnu11;
				GCC_NO_COMMON_BLOCKS = YES;
				GCC_WARN_64_TO_32_BIT_CONVERSION = YES;
				GCC_WARN_ABOUT_RETURN_TYPE = YES_ERROR;
				GCC_WARN_UNDECLARED_SELECTOR = YES;
				GCC_WARN_UNINITIALIZED_AUTOS = YES_AGGRESSIVE;
				GCC_WARN_UNUSED_FUNCTION = YES;
				GCC_WARN_UNUSED_VARIABLE = YES;
				MTL_ENABLE_DEBUG_INFO = NO;
				MTL_FAST_MATH = YES;
				SWIFT_COMPILATION_MODE = wholemodule;
				SWIFT_OPTIMIZATION_LEVEL = "-O";
				WATCHOS_DEPLOYMENT_TARGET = 7.0;
			};
			name = Release;
		};
		1D29AD062A588D3A00DD3B7E /* Debug */ = {
			isa = XCBuildConfiguration;
			buildSettings = {
				ASSETCATALOG_COMPILER_APPICON_NAME = AppIcon;
				ASSETCATALOG_COMPILER_GLOBAL_ACCENT_COLOR_NAME = AccentColor;
				CODE_SIGN_ENTITLEMENTS = "Star Pomodoro Watch App/Star Pomodoro Watch App.entitlements";
				CODE_SIGN_STYLE = Automatic;
				CURRENT_PROJECT_VERSION = 1;
				DEVELOPMENT_ASSET_PATHS = "\"Star Pomodoro Watch App/Preview Content\"";
				DEVELOPMENT_TEAM = LHWFX4B5B6;
				ENABLE_PREVIEWS = YES;
				GENERATE_INFOPLIST_FILE = YES;
				INFOPLIST_KEY_CFBundleDisplayName = "Star Pomodoro";
				INFOPLIST_KEY_UISupportedInterfaceOrientations = "UIInterfaceOrientationPortrait UIInterfaceOrientationPortraitUpsideDown";
				INFOPLIST_KEY_WKCompanionAppBundleIdentifier = "";
				INFOPLIST_KEY_WKRunsIndependentlyOfCompanionApp = NO;
				LD_RUNPATH_SEARCH_PATHS = (
					"$(inherited)",
					"@executable_path/Frameworks",
				);
				MARKETING_VERSION = 1.0;
				PRODUCT_BUNDLE_IDENTIFIER = .watchkitapp.StartPomodoro;
				PRODUCT_NAME = "$(TARGET_NAME)";
				SDKROOT = watchos;
				SKIP_INSTALL = YES;
				SWIFT_EMIT_LOC_STRINGS = YES;
				SWIFT_VERSION = 5.0;
				TARGETED_DEVICE_FAMILY = 4;
				WATCHOS_DEPLOYMENT_TARGET = 7.0;
			};
			name = Debug;
		};
		1D29AD072A588D3A00DD3B7E /* Release */ = {
			isa = XCBuildConfiguration;
			buildSettings = {
				ASSETCATALOG_COMPILER_APPICON_NAME = AppIcon;
				ASSETCATALOG_COMPILER_GLOBAL_ACCENT_COLOR_NAME = AccentColor;
				CODE_SIGN_ENTITLEMENTS = "Star Pomodoro Watch App/Star Pomodoro Watch App.entitlements";
				CODE_SIGN_STYLE = Automatic;
				CURRENT_PROJECT_VERSION = 1;
				DEVELOPMENT_ASSET_PATHS = "\"Star Pomodoro Watch App/Preview Content\"";
				DEVELOPMENT_TEAM = LHWFX4B5B6;
				ENABLE_PREVIEWS = YES;
				GENERATE_INFOPLIST_FILE = YES;
				INFOPLIST_KEY_CFBundleDisplayName = "Star Pomodoro";
				INFOPLIST_KEY_UISupportedInterfaceOrientations = "UIInterfaceOrientationPortrait UIInterfaceOrientationPortraitUpsideDown";
				INFOPLIST_KEY_WKCompanionAppBundleIdentifier = "";
				INFOPLIST_KEY_WKRunsIndependentlyOfCompanionApp = NO;
				LD_RUNPATH_SEARCH_PATHS = (
					"$(inherited)",
					"@executable_path/Frameworks",
				);
				MARKETING_VERSION = 1.0;
				PRODUCT_BUNDLE_IDENTIFIER = .watchkitapp.StartPomodoro;
				PRODUCT_NAME = "$(TARGET_NAME)";
				SDKROOT = watchos;
				SKIP_INSTALL = YES;
				SWIFT_EMIT_LOC_STRINGS = YES;
				SWIFT_VERSION = 5.0;
				TARGETED_DEVICE_FAMILY = 4;
				VALIDATE_PRODUCT = YES;
				WATCHOS_DEPLOYMENT_TARGET = 7.0;
			};
			name = Release;
		};
/* End XCBuildConfiguration section */

/* Begin XCConfigurationList section */
		1D29ACF22A588D2F00DD3B7E /* Build configuration list for PBXProject "Star Pomodoro" */ = {
			isa = XCConfigurationList;
			buildConfigurations = (
				1D29AD032A588D3A00DD3B7E /* Debug */,
				1D29AD042A588D3A00DD3B7E /* Release */,
			);
			defaultConfigurationIsVisible = 0;
			defaultConfigurationName = Release;
		};
		1D29AD052A588D3A00DD3B7E /* Build configuration list for PBXNativeTarget "Star Pomodoro Watch App" */ = {
			isa = XCConfigurationList;
			buildConfigurations = (
				1D29AD062A588D3A00DD3B7E /* Debug */,
				1D29AD072A588D3A00DD3B7E /* Release */,
			);
			defaultConfigurationIsVisible = 0;
			defaultConfigurationName = Release;
		};
/* End XCConfigurationList section */

/* Begin XCRemoteSwiftPackageReference section */
		1D96EB3B2A5F03A5002B023E /* XCRemoteSwiftPackageReference "SwiftUICharts" */ = {
			isa = XCRemoteSwiftPackageReference;
			repositoryURL = "https://github.com/willdale/SwiftUICharts";
			requirement = {
				kind = upToNextMajorVersion;
				minimumVersion = 2.0.0;
			};
		};
/* End XCRemoteSwiftPackageReference section */

/* Begin XCSwiftPackageProductDependency section */
		1D96EB3C2A5F03A5002B023E /* SwiftUICharts */ = {
			isa = XCSwiftPackageProductDependency;
			package = 1D96EB3B2A5F03A5002B023E /* XCRemoteSwiftPackageReference "SwiftUICharts" */;
			productName = SwiftUICharts;
		};
/* End XCSwiftPackageProductDependency section */
	};
	rootObject = 1D29ACEF2A588D2F00DD3B7E /* Project object */;
}
